
Microsoft Visual Studio Solution File, Format Version 12.00
# Visual Studio Version 17
VisualStudioVersion = 17.1.32421.90
MinimumVisualStudioVersion = 10.0.40219.1
Project("{FAE04EC0-301F-11D3-BF4B-00C04F79EFBC}") = "MyBudget", "MyBudget\MyBudget.csproj", "{5DD17873-9DE0-4C12-810A-01D761256FCA}"
EndProject
Global
	GlobalSection(SolutionConfigurationPlatforms) = preSolution
		Debug|Any CPU = Debug|Any CPU
		Release|Any CPU = Release|Any CPU
	EndGlobalSection
	GlobalSection(ProjectConfigurationPlatforms) = postSolution
		{5DD17873-9DE0-4C12-810A-01D761256FCA}.Debug|Any CPU.ActiveCfg = Debug|Any CPU
		{5DD17873-9DE0-4C12-810A-01D761256FCA}.Debug|Any CPU.Build.0 = Debug|Any CPU
		{5DD17873-9DE0-4C12-810A-01D761256FCA}.Release|Any CPU.ActiveCfg = Release|Any CPU
		{5DD17873-9DE0-4C12-810A-01D761256FCA}.Release|Any CPU.Build.0 = Release|Any CPU
	EndGlobalSection
	GlobalSection(SolutionProperties) = preSolution
		HideSolutionNode = FALSE
	EndGlobalSection
	GlobalSection(ExtensibilityGlobals) = postSolution
		SolutionGuid = {88F094B5-B4DF-4B03-BC74-F86DB0703ABA}
	EndGlobalSection
EndGlobal
